// !$*UTF8*$!
{
	archiveVersion = 1;
	classes = {
	};
	objectVersion = 46;
	objects = {

/* Begin PBXBuildFile section */
		4E27D7E41DCF46B000D8DA2C /* main.m in Sources */ = {isa = PBXBuildFile; fileRef = 4E27D7E31DCF46B000D8DA2C /* main.m */; };
		4E27D7E71DCF46B000D8DA2C /* AppDelegate.m in Sources */ = {isa = PBXBuildFile; fileRef = 4E27D7E61DCF46B000D8DA2C /* AppDelegate.m */; };
		4E27D7EA1DCF46B000D8DA2C /* ViewController.m in Sources */ = {isa = PBXBuildFile; fileRef = 4E27D7E91DCF46B000D8DA2C /* ViewController.m */; };
		4E27D7ED1DCF46B000D8DA2C /* Main.storyboard in Resources */ = {isa = PBXBuildFile; fileRef = 4E27D7EB1DCF46B000D8DA2C /* Main.storyboard */; };
		4E27D7EF1DCF46B000D8DA2C /* Assets.xcassets in Resources */ = {isa = PBXBuildFile; fileRef = 4E27D7EE1DCF46B000D8DA2C /* Assets.xcassets */; };
		4E27D7F21DCF46B000D8DA2C /* LaunchScreen.storyboard in Resources */ = {isa = PBXBuildFile; fileRef = 4E27D7F01DCF46B000D8DA2C /* LaunchScreen.storyboard */; };
/* End PBXBuildFile section */

/* Begin PBXFileReference section */
		4E27D7DF1DCF46B000D8DA2C /* structure.app */ = {isa = PBXFileReference; explicitFileType = wrapper.application; includeInIndex = 0; path = structure.app; sourceTree = BUILT_PRODUCTS_DIR; };
		4E27D7E31DCF46B000D8DA2C /* main.m */ = {isa = PBXFileReference; lastKnownFileType = sourcecode.c.objc; path = main.m; sourceTree = "<group>"; };
		4E27D7E51DCF46B000D8DA2C /* AppDelegate.h */ = {isa = PBXFileReference; lastKnownFileType = sourcecode.c.h; path = AppDelegate.h; sourceTree = "<group>"; };
		4E27D7E61DCF46B000D8DA2C /* AppDelegate.m */ = {isa = PBXFileReference; lastKnownFileType = sourcecode.c.objc; path = AppDelegate.m; sourceTree = "<group>"; };
		4E27D7E81DCF46B000D8DA2C /* ViewController.h */ = {isa = PBXFileReference; lastKnownFileType = sourcecode.c.h; path = ViewController.h; sourceTree = "<group>"; };
		4E27D7E91DCF46B000D8DA2C /* ViewController.m */ = {isa = PBXFileReference; lastKnownFileType = sourcecode.c.objc; path = ViewController.m; sourceTree = "<group>"; };
		4E27D7EC1DCF46B000D8DA2C /* Base */ = {isa = PBXFileReference; lastKnownFileType = file.storyboard; name = Base; path = Base.lproj/Main.storyboard; sourceTree = "<group>"; };
		4E27D7EE1DCF46B000D8DA2C /* Assets.xcassets */ = {isa = PBXFileReference; lastKnownFileType = folder.assetcatalog; path = Assets.xcassets; sourceTree = "<group>"; };
		4E27D7F11DCF46B000D8DA2C /* Base */ = {isa = PBXFileReference; lastKnownFileType = file.storyboard; name = Base; path = Base.lproj/LaunchScreen.storyboard; sourceTree = "<group>"; };
		4E27D7F31DCF46B000D8DA2C /* Info.plist */ = {isa = PBXFileReference; lastKnownFileType = text.plist.xml; path = Info.plist; sourceTree = "<group>"; };
/* End PBXFileReference section */

/* Begin PBXFrameworksBuildPhase section */
		4E27D7DC1DCF46B000D8DA2C /* Frameworks */ = {
			isa = PBXFrameworksBuildPhase;
			buildActionMask = 2147483647;
			files = (
			);
			runOnlyForDeploymentPostprocessing = 0;
		};
/* End PBXFrameworksBuildPhase section */

/* Begin PBXGroup section */
		4E27D7D61DCF46B000D8DA2C = {
			isa = PBXGroup;
			children = (
				4E27D7E11DCF46B000D8DA2C /* structure */,
				4E27D7E01DCF46B000D8DA2C /* Products */,
			);
			sourceTree = "<group>";
		};
		4E27D7E01DCF46B000D8DA2C /* Products */ = {
			isa = PBXGroup;
			children = (
				4E27D7DF1DCF46B000D8DA2C /* structure.app */,
			);
			name = Products;
			sourceTree = "<group>";
		};
		4E27D7E11DCF46B000D8DA2C /* structure */ = {
			isa = PBXGroup;
			children = (
				4E27D7E51DCF46B000D8DA2C /* AppDelegate.h */,
				4E27D7E61DCF46B000D8DA2C /* AppDelegate.m */,
				4E27D7E81DCF46B000D8DA2C /* ViewController.h */,
				4E27D7E91DCF46B000D8DA2C /* ViewController.m */,
				4E27D7EB1DCF46B000D8DA2C /* Main.storyboard */,
				4E27D7EE1DCF46B000D8DA2C /* Assets.xcassets */,
				4E27D7F01DCF46B000D8DA2C /* LaunchScreen.storyboard */,
				4E27D7F31DCF46B000D8DA2C /* Info.plist */,
				4E27D7E21DCF46B000D8DA2C /* Supporting Files */,
			);
			path = structure;
			sourceTree = "<group>";
		};
		4E27D7E21DCF46B000D8DA2C /* Supporting Files */ = {
			isa = PBXGroup;
			children = (
				4E27D7E31DCF46B000D8DA2C /* main.m */,
			);
			name = "Supporting Files";
			sourceTree = "<group>";
		};
/* End PBXGroup section */

/* Begin PBXNativeTarget section */
		4E27D7DE1DCF46B000D8DA2C /* structure */ = {
			isa = PBXNativeTarget;
			buildConfigurationList = 4E27D7F61DCF46B000D8DA2C /* Build configuration list for PBXNativeTarget "structure" */;
			buildPhases = (
				4E27D7DB1DCF46B000D8DA2C /* Sources */,
				4E27D7DC1DCF46B000D8DA2C /* Frameworks */,
				4E27D7DD1DCF46B000D8DA2C /* Resources */,
			);
			buildRules = (
			);
			dependencies = (
			);
			name = structure;
			productName = structure;
			productReference = 4E27D7DF1DCF46B000D8DA2C /* structure.app */;
			productType = "com.apple.product-type.application";
		};
/* End PBXNativeTarget section */

/* Begin PBXProject section */
		4E27D7D71DCF46B000D8DA2C /* Project object */ = {
			isa = PBXProject;
			attributes = {
				LastUpgradeCheck = 0730;
				ORGANIZATIONNAME = ZhangXiaodong;
				TargetAttributes = {
					4E27D7DE1DCF46B000D8DA2C = {
						CreatedOnToolsVersion = 7.3.1;
					};
				};
			};
			buildConfigurationList = 4E27D7DA1DCF46B000D8DA2C /* Build configuration list for PBXProject "structure" */;
			compatibilityVersion = "Xcode 3.2";
			developmentRegion = English;
			hasScannedForEncodings = 0;
			knownRegions = (
				en,
				Base,
			);
			mainGroup = 4E27D7D61DCF46B000D8DA2C;
			productRefGroup = 4E27D7E01DCF46B000D8DA2C /* Products */;
			projectDirPath = "";
			projectRoot = "";
			targets = (
				4E27D7DE1DCF46B000D8DA2C /* structure */,
			);
		};
/* End PBXProject section */

/* Begin PBXResourcesBuildPhase section */
		4E27D7DD1DCF46B000D8DA2C /* Resources */ = {
			isa = PBXResourcesBuildPhase;
			buildActionMask = 2147483647;
			files = (
				4E27D7F21DCF46B000D8DA2C /* LaunchScreen.storyboard in Resources */,
				4E27D7EF1DCF46B000D8DA2C /* Assets.xcassets in Resources */,
				4E27D7ED1DCF46B000D8DA2C /* Main.storyboard in Resources */,
			);
			runOnlyForDeploymentPostprocessing = 0;
		};
/* End PBXResourcesBuildPhase section */

/* Begin PBXSourcesBuildPhase section */
		4E27D7DB1DCF46B000D8DA2C /* Sources */ = {
			isa = PBXSourcesBuildPhase;
			buildActionMask = 2147483647;
			files = (
				4E27D7EA1DCF46B000D8DA2C /* ViewController.m in Sources */,
				4E27D7E71DCF46B000D8DA2C /* AppDelegate.m in Sources */,
				4E27D7E41DCF46B000D8DA2C /* main.m in Sources */,
			);
			runOnlyForDeploymentPostprocessing = 0;
		};
/* End PBXSourcesBuildPhase section */

/* Begin PBXVariantGroup section */
		4E27D7EB1DCF46B000D8DA2C /* Main.storyboard */ = {
			isa = PBXVariantGroup;
			children = (
				4E27D7EC1DCF46B000D8DA2C /* Base */,
			);
			name = Main.storyboard;
			sourceTree = "<group>";
		};
		4E27D7F01DCF46B000D8DA2C /* LaunchScreen.storyboard */ = {
			isa = PBXVariantGroup;
			children = (
				4E27D7F11DCF46B000D8DA2C /* Base */,
			);
			name = LaunchScreen.storyboard;
			sourceTree = "<group>";
		};
/* End PBXVariantGroup section */

/* Begin XCBuildConfiguration section */
		4E27D7F41DCF46B000D8DA2C /* Debug */ = {
			isa = XCBuildConfiguration;
			buildSettings = {
				ALWAYS_SEARCH_USER_PATHS = NO;
				CLANG_ANALYZER_NONNULL = YES;
				CLANG_CXX_LANGUAGE_STANDARD = "gnu++0x";
				CLANG_CXX_LIBRARY = "libc++";
				CLANG_ENABLE_MODULES = YES;
				CLANG_ENABLE_OBJC_ARC = YES;
				CLANG_WARN_BOOL_CONVERSION = YES;
				CLANG_WARN_CONSTANT_CONVERSION = YES;
				CLANG_WARN_DIRECT_OBJC_ISA_USAGE = YES_ERROR;
				CLANG_WARN_EMPTY_BODY = YES;
				CLANG_WARN_ENUM_CONVERSION = YES;
				CLANG_WARN_INT_CONVERSION = YES;
				CLANG_WARN_OBJC_ROOT_CLASS = YES_ERROR;
				CLANG_WARN_UNREACHABLE_CODE = YES;
				CLANG_WARN__DUPLICATE_METHOD_MATCH = YES;
				"CODE_SIGN_IDENTITY[sdk=iphoneos*]" = "iPhone Developer";
				COPY_PHASE_STRIP = NO;
				DEBUG_INFORMATION_FORMAT = dwarf;
				ENABLE_STRICT_OBJC_MSGSEND = YES;
				ENABLE_TESTABILITY = YES;
				GCC_C_LANGUAGE_STANDARD = gnu99;
				GCC_DYNAMIC_NO_PIC = NO;
				GCC_NO_COMMON_BLOCKS = YES;
				GCC_OPTIMIZATION_LEVEL = 0;
				GCC_PREPROCESSOR_DEFINITIONS = (
					"DEBUG=1",
					"$(inherited)",
				);
				GCC_WARN_64_TO_32_BIT_CONVERSION = YES;
				GCC_WARN_ABOUT_RETURN_TYPE = YES_ERROR;
				GCC_WARN_UNDECLARED_SELECTOR = YES;
				GCC_WARN_UNINITIALIZED_AUTOS = YES_AGGRESSIVE;
				GCC_WARN_UNUSED_FUNCTION = YES;
				GCC_WARN_UNUSED_VARIABLE = YES;
				IPHONEOS_DEPLOYMENT_TARGET = 9.3;
				MTL_ENABLE_DEBUG_INFO = YES;
				ONLY_ACTIVE_ARCH = YES;
				SDKROOT = iphoneos;
			};
			name = Debug;
		};
		4E27D7F51DCF46B000D8DA2C /* Release */ = {
			isa = XCBuildConfiguration;
			buildSettings = {
				ALWAYS_SEARCH_USER_PATHS = NO;
				CLANG_ANALYZER_NONNULL = YES;
				CLANG_CXX_LANGUAGE_STANDARD = "gnu++0x";
				CLANG_CXX_LIBRARY = "libc++";
				CLANG_ENABLE_MODULES = YES;
				CLANG_ENABLE_OBJC_ARC = YES;
				CLANG_WARN_BOOL_CONVERSION = YES;
				CLANG_WARN_CONSTANT_CONVERSION = YES;
				CLANG_WARN_DIRECT_OBJC_ISA_USAGE = YES_ERROR;
				CLANG_WARN_EMPTY_BODY = YES;
				CLANG_WARN_ENUM_CONVERSION = YES;
				CLANG_WARN_INT_CONVERSION = YES;
				CLANG_WARN_OBJC_ROOT_CLASS = YES_ERROR;
				CLANG_WARN_UNREACHABLE_CODE = YES;
				CLANG_WARN__DUPLICATE_METHOD_MATCH = YES;
				"CODE_SIGN_IDENTITY[sdk=iphoneos*]" = "iPhone Developer";
				COPY_PHASE_STRIP = NO;
				DEBUG_INFORMATION_FORMAT = "dwarf-with-dsym";
				ENABLE_NS_ASSERTIONS = NO;
				ENABLE_STRICT_OBJC_MSGSEND = YES;
				GCC_C_LANGUAGE_STANDARD = gnu99;
				GCC_NO_COMMON_BLOCKS = YES;
				GCC_WARN_64_TO_32_BIT_CONVERSION = YES;
				GCC_WARN_ABOUT_RETURN_TYPE = YES_ERROR;
				GCC_WARN_UNDECLARED_SELECTOR = YES;
				GCC_WARN_UNINITIALIZED_AUTOS = YES_AGGRESSIVE;
				GCC_WARN_UNUSED_FUNCTION = YES;
				GCC_WARN_UNUSED_VARIABLE = YES;
				IPHONEOS_DEPLOYMENT_TARGET = 9.3;
				MTL_ENABLE_DEBUG_INFO = NO;
				SDKROOT = iphoneos;
				VALIDATE_PRODUCT = YES;
			};
			name = Release;
		};
		4E27D7F71DCF46B000D8DA2C /* Debug */ = {
			isa = XCBuildConfiguration;
			buildSettings = {
				ASSETCATALOG_COMPILER_APPICON_NAME = AppIcon;
				INFOPLIST_FILE = structure/Info.plist;
				LD_RUNPATH_SEARCH_PATHS = "$(inherited) @executable_path/Frameworks";
				PRODUCT_BUNDLE_IDENTIFIER = com.dadong.structure;
				PRODUCT_NAME = "$(TARGET_NAME)";
			};
			name = Debug;
		};
		4E27D7F81DCF46B000D8DA2C /* Release */ = {
			isa = XCBuildConfiguration;
			buildSettings = {
				ASSETCATALOG_COMPILER_APPICON_NAME = AppIcon;
				INFOPLIST_FILE = structure/Info.plist;
				LD_RUNPATH_SEARCH_PATHS = "$(inherited) @executable_path/Frameworks";
				PRODUCT_BUNDLE_IDENTIFIER = com.dadong.structure;
				PRODUCT_NAME = "$(TARGET_NAME)";
			};
			name = Release;
		};
/* End XCBuildConfiguration section */

/* Begin XCConfigurationList section */
		4E27D7DA1DCF46B000D8DA2C /* Build configuration list for PBXProject "structure" */ = {
			isa = XCConfigurationList;
			buildConfigurations = (
				4E27D7F41DCF46B000D8DA2C /* Debug */,
				4E27D7F51DCF46B000D8DA2C /* Release */,
			);
			defaultConfigurationIsVisible = 0;
			defaultConfigurationName = Release;
		};
		4E27D7F61DCF46B000D8DA2C /* Build configuration list for PBXNativeTarget "structure" */ = {
			isa = XCConfigurationList;
			buildConfigurations = (
				4E27D7F71DCF46B000D8DA2C /* Debug */,
				4E27D7F81DCF46B000D8DA2C /* Release */,
			);
			defaultConfigurationIsVisible = 0;
		};
/* End XCConfigurationList section */
	};
	rootObject = 4E27D7D71DCF46B000D8DA2C /* Project object */;
}
